
Microsoft Visual Studio Solution File, Format Version 12.00
# Visual Studio 15
VisualStudioVersion = 15.0.26430.15
MinimumVisualStudioVersion = 10.0.40219.1
Project("{FAE04EC0-301F-11D3-BF4B-00C04F79EFBC}") = "OKHOSTING.Email", "PCL\OKHOSTING.Email\OKHOSTING.Email.csproj", "{E3F6D841-3306-4342-AE94-6645483EBDC8}"
EndProject
Project("{FAE04EC0-301F-11D3-BF4B-00C04F79EFBC}") = "OKHOSTING.Email.Net4", "Net4\OKHOSTING.Email.Net4\OKHOSTING.Email.Net4.csproj", "{FDEBEB21-BF67-49DB-9483-D98F4F1E7BE8}"
EndProject
Project("{FAE04EC0-301F-11D3-BF4B-00C04F79EFBC}") = "OKHOSTING.Email.Net4.ClientSetup", "Net4\OKHOSTING.Email.Net4.ClientSetup\OKHOSTING.Email.Net4.ClientSetup.csproj", "{704C32DD-FD54-4146-9125-7AADFFB47758}"
EndProject
Project("{D954291E-2A0B-460D-934E-DC6B0785DB48}") = "OKHOSTING.Email.Shared.MailKit", "Shared\OKHOSTING.Email.Shared.MailKit\OKHOSTING.Email.Shared.MailKit.shproj", "{722F4656-DD09-45E7-A69D-7865E67A070B}"
EndProject
Project("{D954291E-2A0B-460D-934E-DC6B0785DB48}") = "OKHOSTING.Email.Shared.System.Net.Mail", "Shared\OKHOSTING.Email.Shared.System.Net.Mail\OKHOSTING.Email.Shared.System.Net.Mail.shproj", "{458FF750-77F1-46B8-A9B9-4692685294BB}"
EndProject
Project("{FAE04EC0-301F-11D3-BF4B-00C04F79EFBC}") = "OKHOSTING.Email.UWP", "UWP\OKHOSTING.Email.UWP\OKHOSTING.Email.UWP.csproj", "{147FD04B-2A8D-4DBA-B364-C0587BA4379A}"
EndProject
Project("{FAE04EC0-301F-11D3-BF4B-00C04F79EFBC}") = "OKHOSTING.Email.Xamarin.Android", "Xamarin\OKHOSTING.Email.Xamarin.Android\OKHOSTING.Email.Xamarin.Android.csproj", "{543EF0A4-515B-4106-8947-D64FE183BC3A}"
EndProject
Project("{FAE04EC0-301F-11D3-BF4B-00C04F79EFBC}") = "OKHOSTING.Email.Xamarin.iOS", "Xamarin\OKHOSTING.Email.Xamarin.iOS\OKHOSTING.Email.Xamarin.iOS.csproj", "{FC367C30-98B9-49ED-BB55-54351BD1459A}"
EndProject
Project("{2150E333-8FDC-42A3-9474-1A3956D46DE8}") = "PCL", "PCL", "{0DD302DE-B553-4692-836E-2B7327B0314B}"
EndProject
Project("{2150E333-8FDC-42A3-9474-1A3956D46DE8}") = "Net4", "Net4", "{F44349D7-6428-41F2-B159-98C956FA76AE}"
EndProject
Project("{2150E333-8FDC-42A3-9474-1A3956D46DE8}") = "Xamarin", "Xamarin", "{D3ADEDB7-E32A-4D51-9218-CA2742F066C1}"
EndProject
Project("{2150E333-8FDC-42A3-9474-1A3956D46DE8}") = "UWP", "UWP", "{BB128219-4289-4574-8A48-F890342A259E}"
EndProject
Project("{2150E333-8FDC-42A3-9474-1A3956D46DE8}") = "Shared", "Shared", "{D57A04FF-A884-475F-A87F-7D2FFC5D7176}"
EndProject
Project("{2150E333-8FDC-42A3-9474-1A3956D46DE8}") = "Test", "Test", "{06FE9CB7-E558-4A04-81F3-DAEF7534A4A8}"
EndProject
Project("{FAE04EC0-301F-11D3-BF4B-00C04F79EFBC}") = "OKHOSTING.Email.Test.Net4", "..\test\OKHOSTING.Email.Test.Net4\OKHOSTING.Email.Test.Net4.csproj", "{1ABBF1EC-294A-4377-8E61-307C54741EC5}"
EndProject
Project("{FAE04EC0-301F-11D3-BF4B-00C04F79EFBC}") = "OKHOSTING.Email.Test.Net4.Console", "..\test\OKHOSTING.Email.Test.Net4.Console\OKHOSTING.Email.Test.Net4.Console.csproj", "{013E5F4D-2AD0-4E82-9489-98F15D18F5F2}"
EndProject
Project("{FAE04EC0-301F-11D3-BF4B-00C04F79EFBC}") = "OKHOSTING.Email.UI", "OKHOSTING.Email.UI\OKHOSTING.Email.UI.csproj", "{EF9658E8-A7AF-44D6-82A6-DF8608915B23}"
EndProject
Project("{2150E333-8FDC-42A3-9474-1A3956D46DE8}") = "References", "References", "{27AB46CE-C725-4F64-BC8A-2D3CDDAFB274}"
EndProject
Project("{FAE04EC0-301F-11D3-BF4B-00C04F79EFBC}") = "OKHOSTING.UI", "..\..\OKHOSTING.UI\src\PCL\OKHOSTING.UI\OKHOSTING.UI.csproj", "{F9D654B5-6B7A-4573-B8C8-FD09B96C021B}"
EndProject
Project("{FAE04EC0-301F-11D3-BF4B-00C04F79EFBC}") = "OKHOSTING.Core", "..\..\OKHOSTING.Core\src\PCL\OKHOSTING.Core\OKHOSTING.Core.csproj", "{3F4502FA-51EA-4CB9-8E50-46F828D240A1}"
EndProject
Project("{FAE04EC0-301F-11D3-BF4B-00C04F79EFBC}") = "OKHOSTING.Data", "..\..\OKHOSTING.Data\src\PCL\OKHOSTING.Data\OKHOSTING.Data.csproj", "{5BA0CBAC-63E5-4E01-AECA-67AE3B63503B}"
EndProject
Global
	GlobalSection(SharedMSBuildProjectFiles) = preSolution
		Shared\OKHOSTING.Email.Shared.MailKit\OKHOSTING.Email.Shared.MailKit.projitems*{147fd04b-2a8d-4dba-b364-c0587ba4379a}*SharedItemsImports = 4
		Shared\OKHOSTING.Email.Shared.System.Net.Mail\OKHOSTING.Email.Shared.System.Net.Mail.projitems*{458ff750-77f1-46b8-a9b9-4692685294bb}*SharedItemsImports = 13
		Shared\OKHOSTING.Email.Shared.MailKit\OKHOSTING.Email.Shared.MailKit.projitems*{543ef0a4-515b-4106-8947-d64fe183bc3a}*SharedItemsImports = 4
		Shared\OKHOSTING.Email.Shared.System.Net.Mail\OKHOSTING.Email.Shared.System.Net.Mail.projitems*{543ef0a4-515b-4106-8947-d64fe183bc3a}*SharedItemsImports = 4
		Shared\OKHOSTING.Email.Shared.MailKit\OKHOSTING.Email.Shared.MailKit.projitems*{722f4656-dd09-45e7-a69d-7865e67a070b}*SharedItemsImports = 13
		Shared\OKHOSTING.Email.Shared.MailKit\OKHOSTING.Email.Shared.MailKit.projitems*{fc367c30-98b9-49ed-bb55-54351bd1459a}*SharedItemsImports = 4
		Shared\OKHOSTING.Email.Shared.System.Net.Mail\OKHOSTING.Email.Shared.System.Net.Mail.projitems*{fc367c30-98b9-49ed-bb55-54351bd1459a}*SharedItemsImports = 4
		Shared\OKHOSTING.Email.Shared.MailKit\OKHOSTING.Email.Shared.MailKit.projitems*{fdebeb21-bf67-49db-9483-d98f4f1e7be8}*SharedItemsImports = 4
		Shared\OKHOSTING.Email.Shared.System.Net.Mail\OKHOSTING.Email.Shared.System.Net.Mail.projitems*{fdebeb21-bf67-49db-9483-d98f4f1e7be8}*SharedItemsImports = 4
	EndGlobalSection
	GlobalSection(SolutionConfigurationPlatforms) = preSolution
		Debug|Any CPU = Debug|Any CPU
		Debug|ARM = Debug|ARM
		Debug|x64 = Debug|x64
		Debug|x86 = Debug|x86
		Release|Any CPU = Release|Any CPU
		Release|ARM = Release|ARM
		Release|x64 = Release|x64
		Release|x86 = Release|x86
	EndGlobalSection
	GlobalSection(ProjectConfigurationPlatforms) = postSolution
		{E3F6D841-3306-4342-AE94-6645483EBDC8}.Debug|Any CPU.ActiveCfg = Debug|Any CPU
		{E3F6D841-3306-4342-AE94-6645483EBDC8}.Debug|Any CPU.Build.0 = Debug|Any CPU
		{E3F6D841-3306-4342-AE94-6645483EBDC8}.Debug|ARM.ActiveCfg = Debug|Any CPU
		{E3F6D841-3306-4342-AE94-6645483EBDC8}.Debug|ARM.Build.0 = Debug|Any CPU
		{E3F6D841-3306-4342-AE94-6645483EBDC8}.Debug|x64.ActiveCfg = Debug|Any CPU
		{E3F6D841-3306-4342-AE94-6645483EBDC8}.Debug|x64.Build.0 = Debug|Any CPU
		{E3F6D841-3306-4342-AE94-6645483EBDC8}.Debug|x86.ActiveCfg = Debug|Any CPU
		{E3F6D841-3306-4342-AE94-6645483EBDC8}.Debug|x86.Build.0 = Debug|Any CPU
		{E3F6D841-3306-4342-AE94-6645483EBDC8}.Release|Any CPU.ActiveCfg = Release|Any CPU
		{E3F6D841-3306-4342-AE94-6645483EBDC8}.Release|Any CPU.Build.0 = Release|Any CPU
		{E3F6D841-3306-4342-AE94-6645483EBDC8}.Release|ARM.ActiveCfg = Release|Any CPU
		{E3F6D841-3306-4342-AE94-6645483EBDC8}.Release|ARM.Build.0 = Release|Any CPU
		{E3F6D841-3306-4342-AE94-6645483EBDC8}.Release|x64.ActiveCfg = Release|Any CPU
		{E3F6D841-3306-4342-AE94-6645483EBDC8}.Release|x64.Build.0 = Release|Any CPU
		{E3F6D841-3306-4342-AE94-6645483EBDC8}.Release|x86.ActiveCfg = Release|Any CPU
		{E3F6D841-3306-4342-AE94-6645483EBDC8}.Release|x86.Build.0 = Release|Any CPU
		{FDEBEB21-BF67-49DB-9483-D98F4F1E7BE8}.Debug|Any CPU.ActiveCfg = Debug|Any CPU
		{FDEBEB21-BF67-49DB-9483-D98F4F1E7BE8}.Debug|Any CPU.Build.0 = Debug|Any CPU
		{FDEBEB21-BF67-49DB-9483-D98F4F1E7BE8}.Debug|ARM.ActiveCfg = Debug|Any CPU
		{FDEBEB21-BF67-49DB-9483-D98F4F1E7BE8}.Debug|ARM.Build.0 = Debug|Any CPU
		{FDEBEB21-BF67-49DB-9483-D98F4F1E7BE8}.Debug|x64.ActiveCfg = Debug|Any CPU
		{FDEBEB21-BF67-49DB-9483-D98F4F1E7BE8}.Debug|x64.Build.0 = Debug|Any CPU
		{FDEBEB21-BF67-49DB-9483-D98F4F1E7BE8}.Debug|x86.ActiveCfg = Debug|Any CPU
		{FDEBEB21-BF67-49DB-9483-D98F4F1E7BE8}.Debug|x86.Build.0 = Debug|Any CPU
		{FDEBEB21-BF67-49DB-9483-D98F4F1E7BE8}.Release|Any CPU.ActiveCfg = Release|Any CPU
		{FDEBEB21-BF67-49DB-9483-D98F4F1E7BE8}.Release|Any CPU.Build.0 = Release|Any CPU
		{FDEBEB21-BF67-49DB-9483-D98F4F1E7BE8}.Release|ARM.ActiveCfg = Release|Any CPU
		{FDEBEB21-BF67-49DB-9483-D98F4F1E7BE8}.Release|ARM.Build.0 = Release|Any CPU
		{FDEBEB21-BF67-49DB-9483-D98F4F1E7BE8}.Release|x64.ActiveCfg = Release|Any CPU
		{FDEBEB21-BF67-49DB-9483-D98F4F1E7BE8}.Release|x64.Build.0 = Release|Any CPU
		{FDEBEB21-BF67-49DB-9483-D98F4F1E7BE8}.Release|x86.ActiveCfg = Release|Any CPU
		{FDEBEB21-BF67-49DB-9483-D98F4F1E7BE8}.Release|x86.Build.0 = Release|Any CPU
		{704C32DD-FD54-4146-9125-7AADFFB47758}.Debug|Any CPU.ActiveCfg = Debug|Any CPU
		{704C32DD-FD54-4146-9125-7AADFFB47758}.Debug|Any CPU.Build.0 = Debug|Any CPU
		{704C32DD-FD54-4146-9125-7AADFFB47758}.Debug|ARM.ActiveCfg = Debug|Any CPU
		{704C32DD-FD54-4146-9125-7AADFFB47758}.Debug|ARM.Build.0 = Debug|Any CPU
		{704C32DD-FD54-4146-9125-7AADFFB47758}.Debug|x64.ActiveCfg = Debug|Any CPU
		{704C32DD-FD54-4146-9125-7AADFFB47758}.Debug|x64.Build.0 = Debug|Any CPU
		{704C32DD-FD54-4146-9125-7AADFFB47758}.Debug|x86.ActiveCfg = Debug|Any CPU
		{704C32DD-FD54-4146-9125-7AADFFB47758}.Debug|x86.Build.0 = Debug|Any CPU
		{704C32DD-FD54-4146-9125-7AADFFB47758}.Release|Any CPU.ActiveCfg = Release|Any CPU
		{704C32DD-FD54-4146-9125-7AADFFB47758}.Release|Any CPU.Build.0 = Release|Any CPU
		{704C32DD-FD54-4146-9125-7AADFFB47758}.Release|ARM.ActiveCfg = Release|Any CPU
		{704C32DD-FD54-4146-9125-7AADFFB47758}.Release|ARM.Build.0 = Release|Any CPU
		{704C32DD-FD54-4146-9125-7AADFFB47758}.Release|x64.ActiveCfg = Release|Any CPU
		{704C32DD-FD54-4146-9125-7AADFFB47758}.Release|x64.Build.0 = Release|Any CPU
		{704C32DD-FD54-4146-9125-7AADFFB47758}.Release|x86.ActiveCfg = Release|Any CPU
		{704C32DD-FD54-4146-9125-7AADFFB47758}.Release|x86.Build.0 = Release|Any CPU
		{147FD04B-2A8D-4DBA-B364-C0587BA4379A}.Debug|Any CPU.ActiveCfg = Debug|Any CPU
		{147FD04B-2A8D-4DBA-B364-C0587BA4379A}.Debug|Any CPU.Build.0 = Debug|Any CPU
		{147FD04B-2A8D-4DBA-B364-C0587BA4379A}.Debug|ARM.ActiveCfg = Debug|ARM
		{147FD04B-2A8D-4DBA-B364-C0587BA4379A}.Debug|ARM.Build.0 = Debug|ARM
		{147FD04B-2A8D-4DBA-B364-C0587BA4379A}.Debug|x64.ActiveCfg = Debug|x64
		{147FD04B-2A8D-4DBA-B364-C0587BA4379A}.Debug|x64.Build.0 = Debug|x64
		{147FD04B-2A8D-4DBA-B364-C0587BA4379A}.Debug|x86.ActiveCfg = Debug|x86
		{147FD04B-2A8D-4DBA-B364-C0587BA4379A}.Debug|x86.Build.0 = Debug|x86
		{147FD04B-2A8D-4DBA-B364-C0587BA4379A}.Release|Any CPU.ActiveCfg = Release|Any CPU
		{147FD04B-2A8D-4DBA-B364-C0587BA4379A}.Release|Any CPU.Build.0 = Release|Any CPU
		{147FD04B-2A8D-4DBA-B364-C0587BA4379A}.Release|ARM.ActiveCfg = Release|ARM
		{147FD04B-2A8D-4DBA-B364-C0587BA4379A}.Release|ARM.Build.0 = Release|ARM
		{147FD04B-2A8D-4DBA-B364-C0587BA4379A}.Release|x64.ActiveCfg = Release|x64
		{147FD04B-2A8D-4DBA-B364-C0587BA4379A}.Release|x64.Build.0 = Release|x64
		{147FD04B-2A8D-4DBA-B364-C0587BA4379A}.Release|x86.ActiveCfg = Release|x86
		{147FD04B-2A8D-4DBA-B364-C0587BA4379A}.Release|x86.Build.0 = Release|x86
		{543EF0A4-515B-4106-8947-D64FE183BC3A}.Debug|Any CPU.ActiveCfg = Debug|Any CPU
		{543EF0A4-515B-4106-8947-D64FE183BC3A}.Debug|Any CPU.Build.0 = Debug|Any CPU
		{543EF0A4-515B-4106-8947-D64FE183BC3A}.Debug|ARM.ActiveCfg = Debug|Any CPU
		{543EF0A4-515B-4106-8947-D64FE183BC3A}.Debug|ARM.Build.0 = Debug|Any CPU
		{543EF0A4-515B-4106-8947-D64FE183BC3A}.Debug|x64.ActiveCfg = Debug|Any CPU
		{543EF0A4-515B-4106-8947-D64FE183BC3A}.Debug|x64.Build.0 = Debug|Any CPU
		{543EF0A4-515B-4106-8947-D64FE183BC3A}.Debug|x86.ActiveCfg = Debug|Any CPU
		{543EF0A4-515B-4106-8947-D64FE183BC3A}.Debug|x86.Build.0 = Debug|Any CPU
		{543EF0A4-515B-4106-8947-D64FE183BC3A}.Release|Any CPU.ActiveCfg = Release|Any CPU
		{543EF0A4-515B-4106-8947-D64FE183BC3A}.Release|Any CPU.Build.0 = Release|Any CPU
		{543EF0A4-515B-4106-8947-D64FE183BC3A}.Release|ARM.ActiveCfg = Release|Any CPU
		{543EF0A4-515B-4106-8947-D64FE183BC3A}.Release|ARM.Build.0 = Release|Any CPU
		{543EF0A4-515B-4106-8947-D64FE183BC3A}.Release|x64.ActiveCfg = Release|Any CPU
		{543EF0A4-515B-4106-8947-D64FE183BC3A}.Release|x64.Build.0 = Release|Any CPU
		{543EF0A4-515B-4106-8947-D64FE183BC3A}.Release|x86.ActiveCfg = Release|Any CPU
		{543EF0A4-515B-4106-8947-D64FE183BC3A}.Release|x86.Build.0 = Release|Any CPU
		{FC367C30-98B9-49ED-BB55-54351BD1459A}.Debug|Any CPU.ActiveCfg = Debug|Any CPU
		{FC367C30-98B9-49ED-BB55-54351BD1459A}.Debug|Any CPU.Build.0 = Debug|Any CPU
		{FC367C30-98B9-49ED-BB55-54351BD1459A}.Debug|ARM.ActiveCfg = Debug|Any CPU
		{FC367C30-98B9-49ED-BB55-54351BD1459A}.Debug|ARM.Build.0 = Debug|Any CPU
		{FC367C30-98B9-49ED-BB55-54351BD1459A}.Debug|x64.ActiveCfg = Debug|Any CPU
		{FC367C30-98B9-49ED-BB55-54351BD1459A}.Debug|x64.Build.0 = Debug|Any CPU
		{FC367C30-98B9-49ED-BB55-54351BD1459A}.Debug|x86.ActiveCfg = Debug|Any CPU
		{FC367C30-98B9-49ED-BB55-54351BD1459A}.Debug|x86.Build.0 = Debug|Any CPU
		{FC367C30-98B9-49ED-BB55-54351BD1459A}.Release|Any CPU.ActiveCfg = Release|Any CPU
		{FC367C30-98B9-49ED-BB55-54351BD1459A}.Release|Any CPU.Build.0 = Release|Any CPU
		{FC367C30-98B9-49ED-BB55-54351BD1459A}.Release|ARM.ActiveCfg = Release|Any CPU
		{FC367C30-98B9-49ED-BB55-54351BD1459A}.Release|ARM.Build.0 = Release|Any CPU
		{FC367C30-98B9-49ED-BB55-54351BD1459A}.Release|x64.ActiveCfg = Release|Any CPU
		{FC367C30-98B9-49ED-BB55-54351BD1459A}.Release|x64.Build.0 = Release|Any CPU
		{FC367C30-98B9-49ED-BB55-54351BD1459A}.Release|x86.ActiveCfg = Release|Any CPU
		{FC367C30-98B9-49ED-BB55-54351BD1459A}.Release|x86.Build.0 = Release|Any CPU
		{1ABBF1EC-294A-4377-8E61-307C54741EC5}.Debug|Any CPU.ActiveCfg = Debug|Any CPU
		{1ABBF1EC-294A-4377-8E61-307C54741EC5}.Debug|Any CPU.Build.0 = Debug|Any CPU
		{1ABBF1EC-294A-4377-8E61-307C54741EC5}.Debug|ARM.ActiveCfg = Debug|Any CPU
		{1ABBF1EC-294A-4377-8E61-307C54741EC5}.Debug|ARM.Build.0 = Debug|Any CPU
		{1ABBF1EC-294A-4377-8E61-307C54741EC5}.Debug|x64.ActiveCfg = Debug|Any CPU
		{1ABBF1EC-294A-4377-8E61-307C54741EC5}.Debug|x64.Build.0 = Debug|Any CPU
		{1ABBF1EC-294A-4377-8E61-307C54741EC5}.Debug|x86.ActiveCfg = Debug|Any CPU
		{1ABBF1EC-294A-4377-8E61-307C54741EC5}.Debug|x86.Build.0 = Debug|Any CPU
		{1ABBF1EC-294A-4377-8E61-307C54741EC5}.Release|Any CPU.ActiveCfg = Release|Any CPU
		{1ABBF1EC-294A-4377-8E61-307C54741EC5}.Release|Any CPU.Build.0 = Release|Any CPU
		{1ABBF1EC-294A-4377-8E61-307C54741EC5}.Release|ARM.ActiveCfg = Release|Any CPU
		{1ABBF1EC-294A-4377-8E61-307C54741EC5}.Release|ARM.Build.0 = Release|Any CPU
		{1ABBF1EC-294A-4377-8E61-307C54741EC5}.Release|x64.ActiveCfg = Release|Any CPU
		{1ABBF1EC-294A-4377-8E61-307C54741EC5}.Release|x64.Build.0 = Release|Any CPU
		{1ABBF1EC-294A-4377-8E61-307C54741EC5}.Release|x86.ActiveCfg = Release|Any CPU
		{1ABBF1EC-294A-4377-8E61-307C54741EC5}.Release|x86.Build.0 = Release|Any CPU
		{013E5F4D-2AD0-4E82-9489-98F15D18F5F2}.Debug|Any CPU.ActiveCfg = Debug|Any CPU
		{013E5F4D-2AD0-4E82-9489-98F15D18F5F2}.Debug|Any CPU.Build.0 = Debug|Any CPU
		{013E5F4D-2AD0-4E82-9489-98F15D18F5F2}.Debug|ARM.ActiveCfg = Debug|Any CPU
		{013E5F4D-2AD0-4E82-9489-98F15D18F5F2}.Debug|ARM.Build.0 = Debug|Any CPU
		{013E5F4D-2AD0-4E82-9489-98F15D18F5F2}.Debug|x64.ActiveCfg = Debug|Any CPU
		{013E5F4D-2AD0-4E82-9489-98F15D18F5F2}.Debug|x64.Build.0 = Debug|Any CPU
		{013E5F4D-2AD0-4E82-9489-98F15D18F5F2}.Debug|x86.ActiveCfg = Debug|Any CPU
		{013E5F4D-2AD0-4E82-9489-98F15D18F5F2}.Debug|x86.Build.0 = Debug|Any CPU
		{013E5F4D-2AD0-4E82-9489-98F15D18F5F2}.Release|Any CPU.ActiveCfg = Release|Any CPU
		{013E5F4D-2AD0-4E82-9489-98F15D18F5F2}.Release|Any CPU.Build.0 = Release|Any CPU
		{013E5F4D-2AD0-4E82-9489-98F15D18F5F2}.Release|ARM.ActiveCfg = Release|Any CPU
		{013E5F4D-2AD0-4E82-9489-98F15D18F5F2}.Release|ARM.Build.0 = Release|Any CPU
		{013E5F4D-2AD0-4E82-9489-98F15D18F5F2}.Release|x64.ActiveCfg = Release|Any CPU
		{013E5F4D-2AD0-4E82-9489-98F15D18F5F2}.Release|x64.Build.0 = Release|Any CPU
		{013E5F4D-2AD0-4E82-9489-98F15D18F5F2}.Release|x86.ActiveCfg = Release|Any CPU
		{013E5F4D-2AD0-4E82-9489-98F15D18F5F2}.Release|x86.Build.0 = Release|Any CPU
		{EF9658E8-A7AF-44D6-82A6-DF8608915B23}.Debug|Any CPU.ActiveCfg = Debug|Any CPU
		{EF9658E8-A7AF-44D6-82A6-DF8608915B23}.Debug|Any CPU.Build.0 = Debug|Any CPU
		{EF9658E8-A7AF-44D6-82A6-DF8608915B23}.Debug|ARM.ActiveCfg = Debug|Any CPU
		{EF9658E8-A7AF-44D6-82A6-DF8608915B23}.Debug|ARM.Build.0 = Debug|Any CPU
		{EF9658E8-A7AF-44D6-82A6-DF8608915B23}.Debug|x64.ActiveCfg = Debug|Any CPU
		{EF9658E8-A7AF-44D6-82A6-DF8608915B23}.Debug|x64.Build.0 = Debug|Any CPU
		{EF9658E8-A7AF-44D6-82A6-DF8608915B23}.Debug|x86.ActiveCfg = Debug|Any CPU
		{EF9658E8-A7AF-44D6-82A6-DF8608915B23}.Debug|x86.Build.0 = Debug|Any CPU
		{EF9658E8-A7AF-44D6-82A6-DF8608915B23}.Release|Any CPU.ActiveCfg = Release|Any CPU
		{EF9658E8-A7AF-44D6-82A6-DF8608915B23}.Release|Any CPU.Build.0 = Release|Any CPU
		{EF9658E8-A7AF-44D6-82A6-DF8608915B23}.Release|ARM.ActiveCfg = Release|Any CPU
		{EF9658E8-A7AF-44D6-82A6-DF8608915B23}.Release|ARM.Build.0 = Release|Any CPU
		{EF9658E8-A7AF-44D6-82A6-DF8608915B23}.Release|x64.ActiveCfg = Release|Any CPU
		{EF9658E8-A7AF-44D6-82A6-DF8608915B23}.Release|x64.Build.0 = Release|Any CPU
		{EF9658E8-A7AF-44D6-82A6-DF8608915B23}.Release|x86.ActiveCfg = Release|Any CPU
		{EF9658E8-A7AF-44D6-82A6-DF8608915B23}.Release|x86.Build.0 = Release|Any CPU
		{F9D654B5-6B7A-4573-B8C8-FD09B96C021B}.Debug|Any CPU.ActiveCfg = Debug|Any CPU
		{F9D654B5-6B7A-4573-B8C8-FD09B96C021B}.Debug|Any CPU.Build.0 = Debug|Any CPU
		{F9D654B5-6B7A-4573-B8C8-FD09B96C021B}.Debug|ARM.ActiveCfg = Debug|Any CPU
		{F9D654B5-6B7A-4573-B8C8-FD09B96C021B}.Debug|ARM.Build.0 = Debug|Any CPU
		{F9D654B5-6B7A-4573-B8C8-FD09B96C021B}.Debug|x64.ActiveCfg = Debug|Any CPU
		{F9D654B5-6B7A-4573-B8C8-FD09B96C021B}.Debug|x64.Build.0 = Debug|Any CPU
		{F9D654B5-6B7A-4573-B8C8-FD09B96C021B}.Debug|x86.ActiveCfg = Debug|Any CPU
		{F9D654B5-6B7A-4573-B8C8-FD09B96C021B}.Debug|x86.Build.0 = Debug|Any CPU
		{F9D654B5-6B7A-4573-B8C8-FD09B96C021B}.Release|Any CPU.ActiveCfg = Release|Any CPU
		{F9D654B5-6B7A-4573-B8C8-FD09B96C021B}.Release|Any CPU.Build.0 = Release|Any CPU
		{F9D654B5-6B7A-4573-B8C8-FD09B96C021B}.Release|ARM.ActiveCfg = Release|Any CPU
		{F9D654B5-6B7A-4573-B8C8-FD09B96C021B}.Release|ARM.Build.0 = Release|Any CPU
		{F9D654B5-6B7A-4573-B8C8-FD09B96C021B}.Release|x64.ActiveCfg = Release|Any CPU
		{F9D654B5-6B7A-4573-B8C8-FD09B96C021B}.Release|x64.Build.0 = Release|Any CPU
		{F9D654B5-6B7A-4573-B8C8-FD09B96C021B}.Release|x86.ActiveCfg = Release|Any CPU
		{F9D654B5-6B7A-4573-B8C8-FD09B96C021B}.Release|x86.Build.0 = Release|Any CPU
		{3F4502FA-51EA-4CB9-8E50-46F828D240A1}.Debug|Any CPU.ActiveCfg = Debug|Any CPU
		{3F4502FA-51EA-4CB9-8E50-46F828D240A1}.Debug|Any CPU.Build.0 = Debug|Any CPU
		{3F4502FA-51EA-4CB9-8E50-46F828D240A1}.Debug|ARM.ActiveCfg = Debug|Any CPU
		{3F4502FA-51EA-4CB9-8E50-46F828D240A1}.Debug|ARM.Build.0 = Debug|Any CPU
		{3F4502FA-51EA-4CB9-8E50-46F828D240A1}.Debug|x64.ActiveCfg = Debug|Any CPU
		{3F4502FA-51EA-4CB9-8E50-46F828D240A1}.Debug|x64.Build.0 = Debug|Any CPU
		{3F4502FA-51EA-4CB9-8E50-46F828D240A1}.Debug|x86.ActiveCfg = Debug|Any CPU
		{3F4502FA-51EA-4CB9-8E50-46F828D240A1}.Debug|x86.Build.0 = Debug|Any CPU
		{3F4502FA-51EA-4CB9-8E50-46F828D240A1}.Release|Any CPU.ActiveCfg = Release|Any CPU
		{3F4502FA-51EA-4CB9-8E50-46F828D240A1}.Release|Any CPU.Build.0 = Release|Any CPU
		{3F4502FA-51EA-4CB9-8E50-46F828D240A1}.Release|ARM.ActiveCfg = Release|Any CPU
		{3F4502FA-51EA-4CB9-8E50-46F828D240A1}.Release|ARM.Build.0 = Release|Any CPU
		{3F4502FA-51EA-4CB9-8E50-46F828D240A1}.Release|x64.ActiveCfg = Release|Any CPU
		{3F4502FA-51EA-4CB9-8E50-46F828D240A1}.Release|x64.Build.0 = Release|Any CPU
		{3F4502FA-51EA-4CB9-8E50-46F828D240A1}.Release|x86.ActiveCfg = Release|Any CPU
		{3F4502FA-51EA-4CB9-8E50-46F828D240A1}.Release|x86.Build.0 = Release|Any CPU
		{5BA0CBAC-63E5-4E01-AECA-67AE3B63503B}.Debug|Any CPU.ActiveCfg = Debug|Any CPU
		{5BA0CBAC-63E5-4E01-AECA-67AE3B63503B}.Debug|Any CPU.Build.0 = Debug|Any CPU
		{5BA0CBAC-63E5-4E01-AECA-67AE3B63503B}.Debug|ARM.ActiveCfg = Debug|Any CPU
		{5BA0CBAC-63E5-4E01-AECA-67AE3B63503B}.Debug|ARM.Build.0 = Debug|Any CPU
		{5BA0CBAC-63E5-4E01-AECA-67AE3B63503B}.Debug|x64.ActiveCfg = Debug|Any CPU
		{5BA0CBAC-63E5-4E01-AECA-67AE3B63503B}.Debug|x64.Build.0 = Debug|Any CPU
		{5BA0CBAC-63E5-4E01-AECA-67AE3B63503B}.Debug|x86.ActiveCfg = Debug|Any CPU
		{5BA0CBAC-63E5-4E01-AECA-67AE3B63503B}.Debug|x86.Build.0 = Debug|Any CPU
		{5BA0CBAC-63E5-4E01-AECA-67AE3B63503B}.Release|Any CPU.ActiveCfg = Release|Any CPU
		{5BA0CBAC-63E5-4E01-AECA-67AE3B63503B}.Release|Any CPU.Build.0 = Release|Any CPU
		{5BA0CBAC-63E5-4E01-AECA-67AE3B63503B}.Release|ARM.ActiveCfg = Release|Any CPU
		{5BA0CBAC-63E5-4E01-AECA-67AE3B63503B}.Release|ARM.Build.0 = Release|Any CPU
		{5BA0CBAC-63E5-4E01-AECA-67AE3B63503B}.Release|x64.ActiveCfg = Release|Any CPU
		{5BA0CBAC-63E5-4E01-AECA-67AE3B63503B}.Release|x64.Build.0 = Release|Any CPU
		{5BA0CBAC-63E5-4E01-AECA-67AE3B63503B}.Release|x86.ActiveCfg = Release|Any CPU
		{5BA0CBAC-63E5-4E01-AECA-67AE3B63503B}.Release|x86.Build.0 = Release|Any CPU
	EndGlobalSection
	GlobalSection(SolutionProperties) = preSolution
		HideSolutionNode = FALSE
	EndGlobalSection
	GlobalSection(NestedProjects) = preSolution
		{E3F6D841-3306-4342-AE94-6645483EBDC8} = {0DD302DE-B553-4692-836E-2B7327B0314B}
		{FDEBEB21-BF67-49DB-9483-D98F4F1E7BE8} = {F44349D7-6428-41F2-B159-98C956FA76AE}
		{704C32DD-FD54-4146-9125-7AADFFB47758} = {F44349D7-6428-41F2-B159-98C956FA76AE}
		{722F4656-DD09-45E7-A69D-7865E67A070B} = {D57A04FF-A884-475F-A87F-7D2FFC5D7176}
		{458FF750-77F1-46B8-A9B9-4692685294BB} = {D57A04FF-A884-475F-A87F-7D2FFC5D7176}
		{147FD04B-2A8D-4DBA-B364-C0587BA4379A} = {BB128219-4289-4574-8A48-F890342A259E}
		{543EF0A4-515B-4106-8947-D64FE183BC3A} = {D3ADEDB7-E32A-4D51-9218-CA2742F066C1}
		{FC367C30-98B9-49ED-BB55-54351BD1459A} = {D3ADEDB7-E32A-4D51-9218-CA2742F066C1}
		{1ABBF1EC-294A-4377-8E61-307C54741EC5} = {06FE9CB7-E558-4A04-81F3-DAEF7534A4A8}
		{013E5F4D-2AD0-4E82-9489-98F15D18F5F2} = {06FE9CB7-E558-4A04-81F3-DAEF7534A4A8}
		{EF9658E8-A7AF-44D6-82A6-DF8608915B23} = {0DD302DE-B553-4692-836E-2B7327B0314B}
		{F9D654B5-6B7A-4573-B8C8-FD09B96C021B} = {27AB46CE-C725-4F64-BC8A-2D3CDDAFB274}
		{3F4502FA-51EA-4CB9-8E50-46F828D240A1} = {27AB46CE-C725-4F64-BC8A-2D3CDDAFB274}
		{5BA0CBAC-63E5-4E01-AECA-67AE3B63503B} = {27AB46CE-C725-4F64-BC8A-2D3CDDAFB274}
	EndGlobalSection
EndGlobal
