
Microsoft Visual Studio Solution File, Format Version 12.00
# Visual Studio 14
VisualStudioVersion = 14.0.25420.1
MinimumVisualStudioVersion = 10.0.40219.1
Project("{FAE04EC0-301F-11D3-BF4B-00C04F79EFBC}") = "OKHOSTING.Email", "PCL\OKHOSTING.Email\OKHOSTING.Email.csproj", "{3FD5A55D-DF69-4C6A-8309-0600D7C1C80D}"
EndProject
Project("{FAE04EC0-301F-11D3-BF4B-00C04F79EFBC}") = "OKHOSTING.Email.Net4", "Net4\OKHOSTING.Email.Net4\OKHOSTING.Email.Net4.csproj", "{51E35F00-3D80-407B-AD82-926AA94B6290}"
EndProject
Project("{FAE04EC0-301F-11D3-BF4B-00C04F79EFBC}") = "OKHOSTING.Email.Net4.ClientSetup", "Net4\OKHOSTING.Email.Net4.ClientSetup\OKHOSTING.Email.Net4.ClientSetup.csproj", "{704C32DD-FD54-4146-9125-7AADFFB47758}"
EndProject
Project("{D954291E-2A0B-460D-934E-DC6B0785DB48}") = "OKHOSTING.Email.Shared.MailKit", "Shared\OKHOSTING.Email.Shared.MailKit\OKHOSTING.Email.Shared.MailKit.shproj", "{722F4656-DD09-45E7-A69D-7865E67A070B}"
EndProject
Project("{D954291E-2A0B-460D-934E-DC6B0785DB48}") = "OKHOSTING.Email.Shared.System.Net.Mail", "Shared\OKHOSTING.Email.Shared.System.Net.Mail\OKHOSTING.Email.Shared.System.Net.Mail.shproj", "{458FF750-77F1-46B8-A9B9-4692685294BB}"
EndProject
Project("{FAE04EC0-301F-11D3-BF4B-00C04F79EFBC}") = "OKHOSTING.Email.UWP", "UWP\OKHOSTING.Email.UWP\OKHOSTING.Email.UWP.csproj", "{147FD04B-2A8D-4DBA-B364-C0587BA4379A}"
EndProject
Project("{FAE04EC0-301F-11D3-BF4B-00C04F79EFBC}") = "OKHOSTING.Email.Xamarin.Android", "Xamarin\OKHOSTING.Email.Xamarin.Android\OKHOSTING.Email.Xamarin.Android.csproj", "{543EF0A4-515B-4106-8947-D64FE183BC3A}"
EndProject
Project("{FAE04EC0-301F-11D3-BF4B-00C04F79EFBC}") = "OKHOSTING.Email.Xamarin.iOS", "Xamarin\OKHOSTING.Email.Xamarin.iOS\OKHOSTING.Email.Xamarin.iOS.csproj", "{FC367C30-98B9-49ED-BB55-54351BD1459A}"
EndProject
Project("{2150E333-8FDC-42A3-9474-1A3956D46DE8}") = "PCL", "PCL", "{0DD302DE-B553-4692-836E-2B7327B0314B}"
EndProject
Project("{2150E333-8FDC-42A3-9474-1A3956D46DE8}") = "Net4", "Net4", "{F44349D7-6428-41F2-B159-98C956FA76AE}"
EndProject
Project("{2150E333-8FDC-42A3-9474-1A3956D46DE8}") = "Xamarin", "Xamarin", "{D3ADEDB7-E32A-4D51-9218-CA2742F066C1}"
EndProject
Project("{2150E333-8FDC-42A3-9474-1A3956D46DE8}") = "UWP", "UWP", "{BB128219-4289-4574-8A48-F890342A259E}"
EndProject
Project("{2150E333-8FDC-42A3-9474-1A3956D46DE8}") = "Shared", "Shared", "{D57A04FF-A884-475F-A87F-7D2FFC5D7176}"
EndProject
Global
	GlobalSection(SharedMSBuildProjectFiles) = preSolution
		Shared\OKHOSTING.Email.Shared.MailKit\OKHOSTING.Email.Shared.MailKit.projitems*{147fd04b-2a8d-4dba-b364-c0587ba4379a}*SharedItemsImports = 4
		Shared\OKHOSTING.Email.Shared.System.Net.Mail\OKHOSTING.Email.Shared.System.Net.Mail.projitems*{458ff750-77f1-46b8-a9b9-4692685294bb}*SharedItemsImports = 13
		Shared\OKHOSTING.Email.Shared.MailKit\OKHOSTING.Email.Shared.MailKit.projitems*{51e35f00-3d80-407b-ad82-926aa94b6290}*SharedItemsImports = 4
		Shared\OKHOSTING.Email.Shared.System.Net.Mail\OKHOSTING.Email.Shared.System.Net.Mail.projitems*{51e35f00-3d80-407b-ad82-926aa94b6290}*SharedItemsImports = 4
		Shared\OKHOSTING.Email.Shared.MailKit\OKHOSTING.Email.Shared.MailKit.projitems*{543ef0a4-515b-4106-8947-d64fe183bc3a}*SharedItemsImports = 4
		Shared\OKHOSTING.Email.Shared.System.Net.Mail\OKHOSTING.Email.Shared.System.Net.Mail.projitems*{543ef0a4-515b-4106-8947-d64fe183bc3a}*SharedItemsImports = 4
		Shared\OKHOSTING.Email.Shared.MailKit\OKHOSTING.Email.Shared.MailKit.projitems*{722f4656-dd09-45e7-a69d-7865e67a070b}*SharedItemsImports = 13
		Shared\OKHOSTING.Email.Shared.MailKit\OKHOSTING.Email.Shared.MailKit.projitems*{fc367c30-98b9-49ed-bb55-54351bd1459a}*SharedItemsImports = 4
		Shared\OKHOSTING.Email.Shared.System.Net.Mail\OKHOSTING.Email.Shared.System.Net.Mail.projitems*{fc367c30-98b9-49ed-bb55-54351bd1459a}*SharedItemsImports = 4
	EndGlobalSection
	GlobalSection(SolutionConfigurationPlatforms) = preSolution
		Debug|Any CPU = Debug|Any CPU
		Debug|ARM = Debug|ARM
		Debug|x64 = Debug|x64
		Debug|x86 = Debug|x86
		Release|Any CPU = Release|Any CPU
		Release|ARM = Release|ARM
		Release|x64 = Release|x64
		Release|x86 = Release|x86
	EndGlobalSection
	GlobalSection(ProjectConfigurationPlatforms) = postSolution
		{3FD5A55D-DF69-4C6A-8309-0600D7C1C80D}.Debug|Any CPU.ActiveCfg = Debug|Any CPU
		{3FD5A55D-DF69-4C6A-8309-0600D7C1C80D}.Debug|Any CPU.Build.0 = Debug|Any CPU
		{3FD5A55D-DF69-4C6A-8309-0600D7C1C80D}.Debug|ARM.ActiveCfg = Debug|Any CPU
		{3FD5A55D-DF69-4C6A-8309-0600D7C1C80D}.Debug|ARM.Build.0 = Debug|Any CPU
		{3FD5A55D-DF69-4C6A-8309-0600D7C1C80D}.Debug|x64.ActiveCfg = Debug|Any CPU
		{3FD5A55D-DF69-4C6A-8309-0600D7C1C80D}.Debug|x64.Build.0 = Debug|Any CPU
		{3FD5A55D-DF69-4C6A-8309-0600D7C1C80D}.Debug|x86.ActiveCfg = Debug|Any CPU
		{3FD5A55D-DF69-4C6A-8309-0600D7C1C80D}.Debug|x86.Build.0 = Debug|Any CPU
		{3FD5A55D-DF69-4C6A-8309-0600D7C1C80D}.Release|Any CPU.ActiveCfg = Release|Any CPU
		{3FD5A55D-DF69-4C6A-8309-0600D7C1C80D}.Release|Any CPU.Build.0 = Release|Any CPU
		{3FD5A55D-DF69-4C6A-8309-0600D7C1C80D}.Release|ARM.ActiveCfg = Release|Any CPU
		{3FD5A55D-DF69-4C6A-8309-0600D7C1C80D}.Release|ARM.Build.0 = Release|Any CPU
		{3FD5A55D-DF69-4C6A-8309-0600D7C1C80D}.Release|x64.ActiveCfg = Release|Any CPU
		{3FD5A55D-DF69-4C6A-8309-0600D7C1C80D}.Release|x64.Build.0 = Release|Any CPU
		{3FD5A55D-DF69-4C6A-8309-0600D7C1C80D}.Release|x86.ActiveCfg = Release|Any CPU
		{3FD5A55D-DF69-4C6A-8309-0600D7C1C80D}.Release|x86.Build.0 = Release|Any CPU
		{51E35F00-3D80-407B-AD82-926AA94B6290}.Debug|Any CPU.ActiveCfg = Debug|Any CPU
		{51E35F00-3D80-407B-AD82-926AA94B6290}.Debug|Any CPU.Build.0 = Debug|Any CPU
		{51E35F00-3D80-407B-AD82-926AA94B6290}.Debug|ARM.ActiveCfg = Debug|Any CPU
		{51E35F00-3D80-407B-AD82-926AA94B6290}.Debug|ARM.Build.0 = Debug|Any CPU
		{51E35F00-3D80-407B-AD82-926AA94B6290}.Debug|x64.ActiveCfg = Debug|Any CPU
		{51E35F00-3D80-407B-AD82-926AA94B6290}.Debug|x64.Build.0 = Debug|Any CPU
		{51E35F00-3D80-407B-AD82-926AA94B6290}.Debug|x86.ActiveCfg = Debug|Any CPU
		{51E35F00-3D80-407B-AD82-926AA94B6290}.Debug|x86.Build.0 = Debug|Any CPU
		{51E35F00-3D80-407B-AD82-926AA94B6290}.Release|Any CPU.ActiveCfg = Release|Any CPU
		{51E35F00-3D80-407B-AD82-926AA94B6290}.Release|Any CPU.Build.0 = Release|Any CPU
		{51E35F00-3D80-407B-AD82-926AA94B6290}.Release|ARM.ActiveCfg = Release|Any CPU
		{51E35F00-3D80-407B-AD82-926AA94B6290}.Release|ARM.Build.0 = Release|Any CPU
		{51E35F00-3D80-407B-AD82-926AA94B6290}.Release|x64.ActiveCfg = Release|Any CPU
		{51E35F00-3D80-407B-AD82-926AA94B6290}.Release|x64.Build.0 = Release|Any CPU
		{51E35F00-3D80-407B-AD82-926AA94B6290}.Release|x86.ActiveCfg = Release|Any CPU
		{51E35F00-3D80-407B-AD82-926AA94B6290}.Release|x86.Build.0 = Release|Any CPU
		{704C32DD-FD54-4146-9125-7AADFFB47758}.Debug|Any CPU.ActiveCfg = Debug|Any CPU
		{704C32DD-FD54-4146-9125-7AADFFB47758}.Debug|Any CPU.Build.0 = Debug|Any CPU
		{704C32DD-FD54-4146-9125-7AADFFB47758}.Debug|ARM.ActiveCfg = Debug|Any CPU
		{704C32DD-FD54-4146-9125-7AADFFB47758}.Debug|ARM.Build.0 = Debug|Any CPU
		{704C32DD-FD54-4146-9125-7AADFFB47758}.Debug|x64.ActiveCfg = Debug|Any CPU
		{704C32DD-FD54-4146-9125-7AADFFB47758}.Debug|x64.Build.0 = Debug|Any CPU
		{704C32DD-FD54-4146-9125-7AADFFB47758}.Debug|x86.ActiveCfg = Debug|Any CPU
		{704C32DD-FD54-4146-9125-7AADFFB47758}.Debug|x86.Build.0 = Debug|Any CPU
		{704C32DD-FD54-4146-9125-7AADFFB47758}.Release|Any CPU.ActiveCfg = Release|Any CPU
		{704C32DD-FD54-4146-9125-7AADFFB47758}.Release|Any CPU.Build.0 = Release|Any CPU
		{704C32DD-FD54-4146-9125-7AADFFB47758}.Release|ARM.ActiveCfg = Release|Any CPU
		{704C32DD-FD54-4146-9125-7AADFFB47758}.Release|ARM.Build.0 = Release|Any CPU
		{704C32DD-FD54-4146-9125-7AADFFB47758}.Release|x64.ActiveCfg = Release|Any CPU
		{704C32DD-FD54-4146-9125-7AADFFB47758}.Release|x64.Build.0 = Release|Any CPU
		{704C32DD-FD54-4146-9125-7AADFFB47758}.Release|x86.ActiveCfg = Release|Any CPU
		{704C32DD-FD54-4146-9125-7AADFFB47758}.Release|x86.Build.0 = Release|Any CPU
		{147FD04B-2A8D-4DBA-B364-C0587BA4379A}.Debug|Any CPU.ActiveCfg = Debug|Any CPU
		{147FD04B-2A8D-4DBA-B364-C0587BA4379A}.Debug|Any CPU.Build.0 = Debug|Any CPU
		{147FD04B-2A8D-4DBA-B364-C0587BA4379A}.Debug|ARM.ActiveCfg = Debug|ARM
		{147FD04B-2A8D-4DBA-B364-C0587BA4379A}.Debug|ARM.Build.0 = Debug|ARM
		{147FD04B-2A8D-4DBA-B364-C0587BA4379A}.Debug|x64.ActiveCfg = Debug|x64
		{147FD04B-2A8D-4DBA-B364-C0587BA4379A}.Debug|x64.Build.0 = Debug|x64
		{147FD04B-2A8D-4DBA-B364-C0587BA4379A}.Debug|x86.ActiveCfg = Debug|x86
		{147FD04B-2A8D-4DBA-B364-C0587BA4379A}.Debug|x86.Build.0 = Debug|x86
		{147FD04B-2A8D-4DBA-B364-C0587BA4379A}.Release|Any CPU.ActiveCfg = Release|Any CPU
		{147FD04B-2A8D-4DBA-B364-C0587BA4379A}.Release|Any CPU.Build.0 = Release|Any CPU
		{147FD04B-2A8D-4DBA-B364-C0587BA4379A}.Release|ARM.ActiveCfg = Release|ARM
		{147FD04B-2A8D-4DBA-B364-C0587BA4379A}.Release|ARM.Build.0 = Release|ARM
		{147FD04B-2A8D-4DBA-B364-C0587BA4379A}.Release|x64.ActiveCfg = Release|x64
		{147FD04B-2A8D-4DBA-B364-C0587BA4379A}.Release|x64.Build.0 = Release|x64
		{147FD04B-2A8D-4DBA-B364-C0587BA4379A}.Release|x86.ActiveCfg = Release|x86
		{147FD04B-2A8D-4DBA-B364-C0587BA4379A}.Release|x86.Build.0 = Release|x86
		{543EF0A4-515B-4106-8947-D64FE183BC3A}.Debug|Any CPU.ActiveCfg = Debug|Any CPU
		{543EF0A4-515B-4106-8947-D64FE183BC3A}.Debug|Any CPU.Build.0 = Debug|Any CPU
		{543EF0A4-515B-4106-8947-D64FE183BC3A}.Debug|ARM.ActiveCfg = Debug|Any CPU
		{543EF0A4-515B-4106-8947-D64FE183BC3A}.Debug|ARM.Build.0 = Debug|Any CPU
		{543EF0A4-515B-4106-8947-D64FE183BC3A}.Debug|x64.ActiveCfg = Debug|Any CPU
		{543EF0A4-515B-4106-8947-D64FE183BC3A}.Debug|x64.Build.0 = Debug|Any CPU
		{543EF0A4-515B-4106-8947-D64FE183BC3A}.Debug|x86.ActiveCfg = Debug|Any CPU
		{543EF0A4-515B-4106-8947-D64FE183BC3A}.Debug|x86.Build.0 = Debug|Any CPU
		{543EF0A4-515B-4106-8947-D64FE183BC3A}.Release|Any CPU.ActiveCfg = Release|Any CPU
		{543EF0A4-515B-4106-8947-D64FE183BC3A}.Release|Any CPU.Build.0 = Release|Any CPU
		{543EF0A4-515B-4106-8947-D64FE183BC3A}.Release|ARM.ActiveCfg = Release|Any CPU
		{543EF0A4-515B-4106-8947-D64FE183BC3A}.Release|ARM.Build.0 = Release|Any CPU
		{543EF0A4-515B-4106-8947-D64FE183BC3A}.Release|x64.ActiveCfg = Release|Any CPU
		{543EF0A4-515B-4106-8947-D64FE183BC3A}.Release|x64.Build.0 = Release|Any CPU
		{543EF0A4-515B-4106-8947-D64FE183BC3A}.Release|x86.ActiveCfg = Release|Any CPU
		{543EF0A4-515B-4106-8947-D64FE183BC3A}.Release|x86.Build.0 = Release|Any CPU
		{FC367C30-98B9-49ED-BB55-54351BD1459A}.Debug|Any CPU.ActiveCfg = Debug|Any CPU
		{FC367C30-98B9-49ED-BB55-54351BD1459A}.Debug|Any CPU.Build.0 = Debug|Any CPU
		{FC367C30-98B9-49ED-BB55-54351BD1459A}.Debug|ARM.ActiveCfg = Debug|Any CPU
		{FC367C30-98B9-49ED-BB55-54351BD1459A}.Debug|ARM.Build.0 = Debug|Any CPU
		{FC367C30-98B9-49ED-BB55-54351BD1459A}.Debug|x64.ActiveCfg = Debug|Any CPU
		{FC367C30-98B9-49ED-BB55-54351BD1459A}.Debug|x64.Build.0 = Debug|Any CPU
		{FC367C30-98B9-49ED-BB55-54351BD1459A}.Debug|x86.ActiveCfg = Debug|Any CPU
		{FC367C30-98B9-49ED-BB55-54351BD1459A}.Debug|x86.Build.0 = Debug|Any CPU
		{FC367C30-98B9-49ED-BB55-54351BD1459A}.Release|Any CPU.ActiveCfg = Release|Any CPU
		{FC367C30-98B9-49ED-BB55-54351BD1459A}.Release|Any CPU.Build.0 = Release|Any CPU
		{FC367C30-98B9-49ED-BB55-54351BD1459A}.Release|ARM.ActiveCfg = Release|Any CPU
		{FC367C30-98B9-49ED-BB55-54351BD1459A}.Release|ARM.Build.0 = Release|Any CPU
		{FC367C30-98B9-49ED-BB55-54351BD1459A}.Release|x64.ActiveCfg = Release|Any CPU
		{FC367C30-98B9-49ED-BB55-54351BD1459A}.Release|x64.Build.0 = Release|Any CPU
		{FC367C30-98B9-49ED-BB55-54351BD1459A}.Release|x86.ActiveCfg = Release|Any CPU
		{FC367C30-98B9-49ED-BB55-54351BD1459A}.Release|x86.Build.0 = Release|Any CPU
	EndGlobalSection
	GlobalSection(SolutionProperties) = preSolution
		HideSolutionNode = FALSE
	EndGlobalSection
	GlobalSection(NestedProjects) = preSolution
		{3FD5A55D-DF69-4C6A-8309-0600D7C1C80D} = {0DD302DE-B553-4692-836E-2B7327B0314B}
		{51E35F00-3D80-407B-AD82-926AA94B6290} = {F44349D7-6428-41F2-B159-98C956FA76AE}
		{704C32DD-FD54-4146-9125-7AADFFB47758} = {F44349D7-6428-41F2-B159-98C956FA76AE}
		{722F4656-DD09-45E7-A69D-7865E67A070B} = {D57A04FF-A884-475F-A87F-7D2FFC5D7176}
		{458FF750-77F1-46B8-A9B9-4692685294BB} = {D57A04FF-A884-475F-A87F-7D2FFC5D7176}
		{147FD04B-2A8D-4DBA-B364-C0587BA4379A} = {BB128219-4289-4574-8A48-F890342A259E}
		{543EF0A4-515B-4106-8947-D64FE183BC3A} = {D3ADEDB7-E32A-4D51-9218-CA2742F066C1}
		{FC367C30-98B9-49ED-BB55-54351BD1459A} = {D3ADEDB7-E32A-4D51-9218-CA2742F066C1}
	EndGlobalSection
EndGlobal
